
Microsoft Visual Studio Solution File, Format Version 12.00
# Visual Studio 15
VisualStudioVersion = 15.0.26124.0
MinimumVisualStudioVersion = 15.0.26124.0
Project("{FAE04EC0-301F-11D3-BF4B-00C04F79EFBC}") = "API", "API\API.csproj", "{7D08F082-4A09-4180-B2CA-57C1D0D7785C}"
EndProject
Project("{FAE04EC0-301F-11D3-BF4B-00C04F79EFBC}") = "Application", "Application\Application.csproj", "{1C236AB0-D238-4E3B-A031-8EECFBCBB4D0}"
EndProject
Project("{FAE04EC0-301F-11D3-BF4B-00C04F79EFBC}") = "Domain", "Domain\Domain.csproj", "{7FB628E5-9CE3-4551-9DCC-6574AF803858}"
EndProject
Project("{FAE04EC0-301F-11D3-BF4B-00C04F79EFBC}") = "Persistence", "Persistence\Persistence.csproj", "{031EEDB4-3E4F-4012-AFCC-2A5AEF5E7BED}"
EndProject
Global
	GlobalSection(SolutionConfigurationPlatforms) = preSolution
		Debug|Any CPU = Debug|Any CPU
		Debug|x64 = Debug|x64
		Debug|x86 = Debug|x86
		Release|Any CPU = Release|Any CPU
		Release|x64 = Release|x64
		Release|x86 = Release|x86
	EndGlobalSection
	GlobalSection(SolutionProperties) = preSolution
		HideSolutionNode = FALSE
	EndGlobalSection
	GlobalSection(ProjectConfigurationPlatforms) = postSolution
		{7D08F082-4A09-4180-B2CA-57C1D0D7785C}.Debug|Any CPU.ActiveCfg = Debug|Any CPU
		{7D08F082-4A09-4180-B2CA-57C1D0D7785C}.Debug|Any CPU.Build.0 = Debug|Any CPU
		{7D08F082-4A09-4180-B2CA-57C1D0D7785C}.Debug|x64.ActiveCfg = Debug|Any CPU
		{7D08F082-4A09-4180-B2CA-57C1D0D7785C}.Debug|x64.Build.0 = Debug|Any CPU
		{7D08F082-4A09-4180-B2CA-57C1D0D7785C}.Debug|x86.ActiveCfg = Debug|Any CPU
		{7D08F082-4A09-4180-B2CA-57C1D0D7785C}.Debug|x86.Build.0 = Debug|Any CPU
		{7D08F082-4A09-4180-B2CA-57C1D0D7785C}.Release|Any CPU.ActiveCfg = Release|Any CPU
		{7D08F082-4A09-4180-B2CA-57C1D0D7785C}.Release|Any CPU.Build.0 = Release|Any CPU
		{7D08F082-4A09-4180-B2CA-57C1D0D7785C}.Release|x64.ActiveCfg = Release|Any CPU
		{7D08F082-4A09-4180-B2CA-57C1D0D7785C}.Release|x64.Build.0 = Release|Any CPU
		{7D08F082-4A09-4180-B2CA-57C1D0D7785C}.Release|x86.ActiveCfg = Release|Any CPU
		{7D08F082-4A09-4180-B2CA-57C1D0D7785C}.Release|x86.Build.0 = Release|Any CPU
		{1C236AB0-D238-4E3B-A031-8EECFBCBB4D0}.Debug|Any CPU.ActiveCfg = Debug|Any CPU
		{1C236AB0-D238-4E3B-A031-8EECFBCBB4D0}.Debug|Any CPU.Build.0 = Debug|Any CPU
		{1C236AB0-D238-4E3B-A031-8EECFBCBB4D0}.Debug|x64.ActiveCfg = Debug|Any CPU
		{1C236AB0-D238-4E3B-A031-8EECFBCBB4D0}.Debug|x64.Build.0 = Debug|Any CPU
		{1C236AB0-D238-4E3B-A031-8EECFBCBB4D0}.Debug|x86.ActiveCfg = Debug|Any CPU
		{1C236AB0-D238-4E3B-A031-8EECFBCBB4D0}.Debug|x86.Build.0 = Debug|Any CPU
		{1C236AB0-D238-4E3B-A031-8EECFBCBB4D0}.Release|Any CPU.ActiveCfg = Release|Any CPU
		{1C236AB0-D238-4E3B-A031-8EECFBCBB4D0}.Release|Any CPU.Build.0 = Release|Any CPU
		{1C236AB0-D238-4E3B-A031-8EECFBCBB4D0}.Release|x64.ActiveCfg = Release|Any CPU
		{1C236AB0-D238-4E3B-A031-8EECFBCBB4D0}.Release|x64.Build.0 = Release|Any CPU
		{1C236AB0-D238-4E3B-A031-8EECFBCBB4D0}.Release|x86.ActiveCfg = Release|Any CPU
		{1C236AB0-D238-4E3B-A031-8EECFBCBB4D0}.Release|x86.Build.0 = Release|Any CPU
		{7FB628E5-9CE3-4551-9DCC-6574AF803858}.Debug|Any CPU.ActiveCfg = Debug|Any CPU
		{7FB628E5-9CE3-4551-9DCC-6574AF803858}.Debug|Any CPU.Build.0 = Debug|Any CPU
		{7FB628E5-9CE3-4551-9DCC-6574AF803858}.Debug|x64.ActiveCfg = Debug|Any CPU
		{7FB628E5-9CE3-4551-9DCC-6574AF803858}.Debug|x64.Build.0 = Debug|Any CPU
		{7FB628E5-9CE3-4551-9DCC-6574AF803858}.Debug|x86.ActiveCfg = Debug|Any CPU
		{7FB628E5-9CE3-4551-9DCC-6574AF803858}.Debug|x86.Build.0 = Debug|Any CPU
		{7FB628E5-9CE3-4551-9DCC-6574AF803858}.Release|Any CPU.ActiveCfg = Release|Any CPU
		{7FB628E5-9CE3-4551-9DCC-6574AF803858}.Release|Any CPU.Build.0 = Release|Any CPU
		{7FB628E5-9CE3-4551-9DCC-6574AF803858}.Release|x64.ActiveCfg = Release|Any CPU
		{7FB628E5-9CE3-4551-9DCC-6574AF803858}.Release|x64.Build.0 = Release|Any CPU
		{7FB628E5-9CE3-4551-9DCC-6574AF803858}.Release|x86.ActiveCfg = Release|Any CPU
		{7FB628E5-9CE3-4551-9DCC-6574AF803858}.Release|x86.Build.0 = Release|Any CPU
		{031EEDB4-3E4F-4012-AFCC-2A5AEF5E7BED}.Debug|Any CPU.ActiveCfg = Debug|Any CPU
		{031EEDB4-3E4F-4012-AFCC-2A5AEF5E7BED}.Debug|Any CPU.Build.0 = Debug|Any CPU
		{031EEDB4-3E4F-4012-AFCC-2A5AEF5E7BED}.Debug|x64.ActiveCfg = Debug|Any CPU
		{031EEDB4-3E4F-4012-AFCC-2A5AEF5E7BED}.Debug|x64.Build.0 = Debug|Any CPU
		{031EEDB4-3E4F-4012-AFCC-2A5AEF5E7BED}.Debug|x86.ActiveCfg = Debug|Any CPU
		{031EEDB4-3E4F-4012-AFCC-2A5AEF5E7BED}.Debug|x86.Build.0 = Debug|Any CPU
		{031EEDB4-3E4F-4012-AFCC-2A5AEF5E7BED}.Release|Any CPU.ActiveCfg = Release|Any CPU
		{031EEDB4-3E4F-4012-AFCC-2A5AEF5E7BED}.Release|Any CPU.Build.0 = Release|Any CPU
		{031EEDB4-3E4F-4012-AFCC-2A5AEF5E7BED}.Release|x64.ActiveCfg = Release|Any CPU
		{031EEDB4-3E4F-4012-AFCC-2A5AEF5E7BED}.Release|x64.Build.0 = Release|Any CPU
		{031EEDB4-3E4F-4012-AFCC-2A5AEF5E7BED}.Release|x86.ActiveCfg = Release|Any CPU
		{031EEDB4-3E4F-4012-AFCC-2A5AEF5E7BED}.Release|x86.Build.0 = Release|Any CPU
	EndGlobalSection
EndGlobal
